
Microsoft Visual Studio Solution File, Format Version 12.00
# Visual Studio Version 16
VisualStudioVersion = 16.0.30503.244
MinimumVisualStudioVersion = 10.0.40219.1
Project("{FAE04EC0-301F-11D3-BF4B-00C04F79EFBC}") = "NETD3202-Lab5-RyanClayson", "NETD3202-Lab5-RyanClayson.csproj", "{A979390E-ECA9-493F-8D34-7BEEBDCFA206}"
EndProject
Global
	GlobalSection(SolutionConfigurationPlatforms) = preSolution
		Debug|Any CPU = Debug|Any CPU
		Release|Any CPU = Release|Any CPU
	EndGlobalSection
	GlobalSection(ProjectConfigurationPlatforms) = postSolution
		{A979390E-ECA9-493F-8D34-7BEEBDCFA206}.Debug|Any CPU.ActiveCfg = Debug|Any CPU
		{A979390E-ECA9-493F-8D34-7BEEBDCFA206}.Debug|Any CPU.Build.0 = Debug|Any CPU
		{A979390E-ECA9-493F-8D34-7BEEBDCFA206}.Release|Any CPU.ActiveCfg = Release|Any CPU
		{A979390E-ECA9-493F-8D34-7BEEBDCFA206}.Release|Any CPU.Build.0 = Release|Any CPU
	EndGlobalSection
	GlobalSection(SolutionProperties) = preSolution
		HideSolutionNode = FALSE
	EndGlobalSection
	GlobalSection(ExtensibilityGlobals) = postSolution
		SolutionGuid = {716D0743-3C1A-406A-9107-1F75C37DB745}
	EndGlobalSection
EndGlobal
